
Microsoft Visual Studio Solution File, Format Version 12.00
# Visual Studio Version 17
VisualStudioVersion = 17.13.35806.99
MinimumVisualStudioVersion = 10.0.40219.1
Project("{2150E333-8FDC-42A3-9474-1A3956D46DE8}") = "domain", "domain", "{02EA681E-C7D8-13C7-8484-4AC65E1B71E8}"
EndProject
Project("{2150E333-8FDC-42A3-9474-1A3956D46DE8}") = "core", "core", "{D959CE46-64EA-48CA-A1D6-7F9FA1133802}"
EndProject
Project("{2150E333-8FDC-42A3-9474-1A3956D46DE8}") = "presentation", "presentation", "{A819E477-515F-461B-A430-4D3D2096CE2E}"
EndProject
Project("{2150E333-8FDC-42A3-9474-1A3956D46DE8}") = "api", "api", "{8840B6DA-B907-4CBD-9855-692D77704500}"
EndProject
Project("{2150E333-8FDC-42A3-9474-1A3956D46DE8}") = "ui", "ui", "{35A54E4C-E2ED-4A0B-B977-FDBE978390D3}"
EndProject
Project("{FAE04EC0-301F-11D3-BF4B-00C04F79EFBC}") = "AP.Data", "api\domain\AP.Data\AP.Data.csproj", "{A10E687D-E422-44ED-BFF5-57310B6EE757}"
EndProject
Project("{FAE04EC0-301F-11D3-BF4B-00C04F79EFBC}") = "AP.Generic", "api\cıre\AP.Generic\AP.Generic.csproj", "{C857A782-9A64-4631-9947-5E3C6DF5E9B5}"
EndProject
Project("{FAE04EC0-301F-11D3-BF4B-00C04F79EFBC}") = "AP.Presentation", "api\presentation\AP.Presentation\AP.Presentation.csproj", "{04379CFA-7F10-4A99-AAAA-BE8359BDD71E}"
EndProject
Project("{FAE04EC0-301F-11D3-BF4B-00C04F79EFBC}") = "AP.Utils", "api\presentation\AP.Utils\AP.Utils.csproj", "{6B89953B-BDEF-401E-A3D1-4B067ACF081C}"
EndProject
Project("{FAE04EC0-301F-11D3-BF4B-00C04F79EFBC}") = "AP.API", "api\AP.API\AP.API.csproj", "{869A9B02-D2A2-4D5B-9295-8CDFDFCD8A7A}"
EndProject
Project("{FAE04EC0-301F-11D3-BF4B-00C04F79EFBC}") = "AP.UI", "ui\AP.UI\AP.UI.csproj", "{D52C38C2-9B0F-4373-83C9-342D2C899550}"
EndProject
Global
	GlobalSection(SolutionConfigurationPlatforms) = preSolution
		Debug|Any CPU = Debug|Any CPU
		Release|Any CPU = Release|Any CPU
	EndGlobalSection
	GlobalSection(ProjectConfigurationPlatforms) = postSolution
		{A10E687D-E422-44ED-BFF5-57310B6EE757}.Debug|Any CPU.ActiveCfg = Debug|Any CPU
		{A10E687D-E422-44ED-BFF5-57310B6EE757}.Debug|Any CPU.Build.0 = Debug|Any CPU
		{A10E687D-E422-44ED-BFF5-57310B6EE757}.Release|Any CPU.ActiveCfg = Release|Any CPU
		{A10E687D-E422-44ED-BFF5-57310B6EE757}.Release|Any CPU.Build.0 = Release|Any CPU
		{C857A782-9A64-4631-9947-5E3C6DF5E9B5}.Debug|Any CPU.ActiveCfg = Debug|Any CPU
		{C857A782-9A64-4631-9947-5E3C6DF5E9B5}.Debug|Any CPU.Build.0 = Debug|Any CPU
		{C857A782-9A64-4631-9947-5E3C6DF5E9B5}.Release|Any CPU.ActiveCfg = Release|Any CPU
		{C857A782-9A64-4631-9947-5E3C6DF5E9B5}.Release|Any CPU.Build.0 = Release|Any CPU
		{04379CFA-7F10-4A99-AAAA-BE8359BDD71E}.Debug|Any CPU.ActiveCfg = Debug|Any CPU
		{04379CFA-7F10-4A99-AAAA-BE8359BDD71E}.Debug|Any CPU.Build.0 = Debug|Any CPU
		{04379CFA-7F10-4A99-AAAA-BE8359BDD71E}.Release|Any CPU.ActiveCfg = Release|Any CPU
		{04379CFA-7F10-4A99-AAAA-BE8359BDD71E}.Release|Any CPU.Build.0 = Release|Any CPU
		{6B89953B-BDEF-401E-A3D1-4B067ACF081C}.Debug|Any CPU.ActiveCfg = Debug|Any CPU
		{6B89953B-BDEF-401E-A3D1-4B067ACF081C}.Debug|Any CPU.Build.0 = Debug|Any CPU
		{6B89953B-BDEF-401E-A3D1-4B067ACF081C}.Release|Any CPU.ActiveCfg = Release|Any CPU
		{6B89953B-BDEF-401E-A3D1-4B067ACF081C}.Release|Any CPU.Build.0 = Release|Any CPU
		{869A9B02-D2A2-4D5B-9295-8CDFDFCD8A7A}.Debug|Any CPU.ActiveCfg = Debug|Any CPU
		{869A9B02-D2A2-4D5B-9295-8CDFDFCD8A7A}.Debug|Any CPU.Build.0 = Debug|Any CPU
		{869A9B02-D2A2-4D5B-9295-8CDFDFCD8A7A}.Release|Any CPU.ActiveCfg = Release|Any CPU
		{869A9B02-D2A2-4D5B-9295-8CDFDFCD8A7A}.Release|Any CPU.Build.0 = Release|Any CPU
		{D52C38C2-9B0F-4373-83C9-342D2C899550}.Debug|Any CPU.ActiveCfg = Debug|Any CPU
		{D52C38C2-9B0F-4373-83C9-342D2C899550}.Debug|Any CPU.Build.0 = Debug|Any CPU
		{D52C38C2-9B0F-4373-83C9-342D2C899550}.Release|Any CPU.ActiveCfg = Release|Any CPU
		{D52C38C2-9B0F-4373-83C9-342D2C899550}.Release|Any CPU.Build.0 = Release|Any CPU
	EndGlobalSection
	GlobalSection(SolutionProperties) = preSolution
		HideSolutionNode = FALSE
	EndGlobalSection
	GlobalSection(NestedProjects) = preSolution
		{02EA681E-C7D8-13C7-8484-4AC65E1B71E8} = {8840B6DA-B907-4CBD-9855-692D77704500}
		{D959CE46-64EA-48CA-A1D6-7F9FA1133802} = {8840B6DA-B907-4CBD-9855-692D77704500}
		{A819E477-515F-461B-A430-4D3D2096CE2E} = {8840B6DA-B907-4CBD-9855-692D77704500}
		{A10E687D-E422-44ED-BFF5-57310B6EE757} = {02EA681E-C7D8-13C7-8484-4AC65E1B71E8}
		{C857A782-9A64-4631-9947-5E3C6DF5E9B5} = {D959CE46-64EA-48CA-A1D6-7F9FA1133802}
		{04379CFA-7F10-4A99-AAAA-BE8359BDD71E} = {A819E477-515F-461B-A430-4D3D2096CE2E}
		{6B89953B-BDEF-401E-A3D1-4B067ACF081C} = {A819E477-515F-461B-A430-4D3D2096CE2E}
		{869A9B02-D2A2-4D5B-9295-8CDFDFCD8A7A} = {8840B6DA-B907-4CBD-9855-692D77704500}
		{D52C38C2-9B0F-4373-83C9-342D2C899550} = {35A54E4C-E2ED-4A0B-B977-FDBE978390D3}
	EndGlobalSection
	GlobalSection(ExtensibilityGlobals) = postSolution
		SolutionGuid = {E31179FA-4AA0-45D9-801D-B3CCB2388136}
	EndGlobalSection
EndGlobal
